
Microsoft Visual Studio Solution File, Format Version 12.00
# Visual Studio Version 17
VisualStudioVersion = 17.13.35825.156 d17.13
MinimumVisualStudioVersion = 10.0.40219.1
Project("{FAE04EC0-301F-11D3-BF4B-00C04F79EFBC}") = "ProjectManagementSystem", "ProjectManagementSystem.csproj", "{3B96FB83-F9AA-4BB9-B9D2-7BC45BBBC463}"
EndProject
Global
	GlobalSection(SolutionConfigurationPlatforms) = preSolution
		Debug|Any CPU = Debug|Any CPU
		Release|Any CPU = Release|Any CPU
	EndGlobalSection
	GlobalSection(ProjectConfigurationPlatforms) = postSolution
		{3B96FB83-F9AA-4BB9-B9D2-7BC45BBBC463}.Debug|Any CPU.ActiveCfg = Debug|Any CPU
		{3B96FB83-F9AA-4BB9-B9D2-7BC45BBBC463}.Debug|Any CPU.Build.0 = Debug|Any CPU
		{3B96FB83-F9AA-4BB9-B9D2-7BC45BBBC463}.Release|Any CPU.ActiveCfg = Release|Any CPU
		{3B96FB83-F9AA-4BB9-B9D2-7BC45BBBC463}.Release|Any CPU.Build.0 = Release|Any CPU
	EndGlobalSection
	GlobalSection(SolutionProperties) = preSolution
		HideSolutionNode = FALSE
	EndGlobalSection
	GlobalSection(ExtensibilityGlobals) = postSolution
		SolutionGuid = {CCC65B7E-ECB1-4932-972E-30460040B3A3}
	EndGlobalSection
EndGlobal
